<?xml version="1.0" encoding="utf-8"?>
<Project ToolsVersion="4.0" xmlns="http://schemas.microsoft.com/developer/msbuild/2003">
  <ItemGroup>
    <Filter Include="Source Files">
      <UniqueIdentifier>{4FC737F1-C7A5-4376-A066-2A32D752A2FF}</UniqueIdentifier>
      <Extensions>cpp;c;cc;cxx;c++;cppm;ixx;def;odl;idl;hpj;bat;asm;asmx</Extensions>
    </Filter>
    <Filter Include="Header Files">
      <UniqueIdentifier>{93995380-89BD-4b04-88EB-625FBE52EBFB}</UniqueIdentifier>
      <Extensions>h;hh;hpp;hxx;h++;hm;inl;inc;ipp;xsd</Extensions>
    </Filter>
    <Filter Include="Resource Files">
      <UniqueIdentifier>{67DA6AB6-F800-4c08-8B7A-83BB121AAD01}</UniqueIdentifier>
      <Extensions>rc;ico;cur;bmp;dlg;rc2;rct;bin;rgs;gif;jpg;jpeg;jpe;resx;tiff;tif;png;wav;mfcribbon-ms</Extensions>
    </Filter>
  </ItemGroup>
  <ItemGroup>
    <ClInclude Include="src\BreakoutGame\Classes\App\BreakoutApp.h">
      <Filter>Header Files</Filter>
    </ClInclude>
    <ClInclude Include="src\BreakoutGame\Classes\Scene\BreakoutScene.h">
      <Filter>Header Files</Filter>
    </ClInclude>
    <ClInclude Include="src\BreakoutGame\Classes\Input\BreakoutSceneInputHandler.h">
      <Filter>Header Files</Filter>
    </ClInclude>
    <ClInclude Include="src\BreakoutGame\Classes\Objects\Ball.h">
      <Filter>Header Files</Filter>
    </ClInclude>
    <ClInclude Include="src\BreakoutGame\Classes\Objects\Paddle.h">
      <Filter>Header Files</Filter>
    </ClInclude>
    <ClInclude Include="src\BreakoutGame\Classes\Objects\BreakoutObject.h">
      <Filter>Header Files</Filter>
    </ClInclude>
    <ClInclude Include="src\BreakoutGame\Classes\Managers\UIManager.h">
      <Filter>Header Files</Filter>
    </ClInclude>
    <ClInclude Include="src\BreakoutGame\Classes\Objects\IMovable.h">
      <Filter>Header Files</Filter>
    </ClInclude>
    <ClInclude Include="src\BreakoutGame\Classes\Managers\StateManager.h">
      <Filter>Header Files</Filter>
    </ClInclude>
    <ClInclude Include="src\BreakoutGame\Classes\Managers\BrickManager.h">
      <Filter>Header Files</Filter>
    </ClInclude>
    <ClInclude Include="src\BreakoutGame\Classes\Managers\IEntityProvider.h">
      <Filter>Header Files</Filter>
    </ClInclude>
    <ClInclude Include="src\BreakoutGame\Classes\Objects\Brick.h">
      <Filter>Header Files</Filter>
    </ClInclude>
    <ClInclude Include="src\BreakoutGame\Classes\Data\BrickData.h">
      <Filter>Header Files</Filter>
    </ClInclude>
    <ClInclude Include="src\BreakoutGame\Classes\Data\TagEnum.h">
      <Filter>Header Files</Filter>
    </ClInclude>
    <ClInclude Include="src\BreakoutGame\Classes\Data\BallHitBrickData.h">
      <Filter>Header Files</Filter>
    </ClInclude>
    <ClInclude Include="src\BreakoutGame\Classes\Data\LevelBrickGridData.h">
      <Filter>Header Files</Filter>
    </ClInclude>
    <ClInclude Include="src\BreakoutGame\Classes\Data\BrickTypeEnum.h">
      <Filter>Header Files</Filter>
    </ClInclude>
    <ClInclude Include="src\BreakoutGame\Classes\Data\BrickGridData.h">
      <Filter>Header Files</Filter>
    </ClInclude>
    <ClInclude Include="src\BreakoutGame\Classes\Data\LevelDataCommon.h">
      <Filter>Header Files</Filter>
    </ClInclude>
    <ClInclude Include="src\BreakoutGame\Classes\Objects\UIButton.h">
      <Filter>Header Files</Filter>
    </ClInclude>
    <ClInclude Include="src\BreakoutGame\Classes\Data\GameStateEnum.h">
      <Filter>Header Files</Filter>
    </ClInclude>
    <ClInclude Include="src\BreakoutGame\Classes\StateControllers\MainMenuState.h">
      <Filter>Header Files</Filter>
    </ClInclude>
    <ClInclude Include="src\BreakoutGame\Classes\Data\InputTypeEnum.h">
      <Filter>Header Files</Filter>
    </ClInclude>
    <ClInclude Include="src\BreakoutGame\Classes\StateControllers\StateBase.h">
      <Filter>Header Files</Filter>
    </ClInclude>
    <ClInclude Include="src\BreakoutGame\Classes\Data\MainMenuButtonType.h">
      <Filter>Header Files</Filter>
    </ClInclude>
    <ClInclude Include="src\BreakoutGame\Classes\StateControllers\InGameState.h">
      <Filter>Header Files</Filter>
    </ClInclude>
    <ClInclude Include="src\BreakoutGame\Classes\Managers\PlayerDataManager.h">
      <Filter>Header Files</Filter>
    </ClInclude>
    <ClInclude Include="src\BreakoutGame\Classes\Managers\PerkManager.h">
      <Filter>Header Files</Filter>
    </ClInclude>
    <ClInclude Include="src\BreakoutGame\Classes\Objects\Perk.h">
      <Filter>Header Files</Filter>
    </ClInclude>
    <ClInclude Include="src\BreakoutGame\Classes\Data\PerkData.h">
      <Filter>Header Files</Filter>
    </ClInclude>
    <ClInclude Include="src\BreakoutGame\Classes\Data\PerkTypeEnum.h">
      <Filter>Header Files</Filter>
    </ClInclude>
  </ItemGroup>
  <ItemGroup>
    <ClCompile Include="src\BreakoutGame\Classes\App\BreakoutApp.cpp">
      <Filter>Source Files</Filter>
    </ClCompile>
    <ClCompile Include="src\BreakoutGame\Classes\Scene\BreakoutScene.cpp">
      <Filter>Source Files</Filter>
    </ClCompile>
    <ClCompile Include="src\BreakoutGame\Classes\Input\BreakoutSceneInputHandler.cpp">
      <Filter>Source Files</Filter>
    </ClCompile>
    <ClCompile Include="src\BreakoutGame\Classes\Objects\Ball.cpp">
      <Filter>Source Files</Filter>
    </ClCompile>
    <ClCompile Include="src\BreakoutGame\Classes\Objects\Paddle.cpp">
      <Filter>Source Files</Filter>
    </ClCompile>
    <ClCompile Include="src\BreakoutGame\Classes\Objects\BreakoutObject.cpp">
      <Filter>Source Files</Filter>
    </ClCompile>
    <ClCompile Include="src\BreakoutGame\Classes\Managers\UIManager.cpp">
      <Filter>Source Files</Filter>
    </ClCompile>
    <ClCompile Include="src\BreakoutGame\Classes\Objects\IMovable.cpp">
      <Filter>Source Files</Filter>
    </ClCompile>
    <ClCompile Include="src\BreakoutGame\Classes\Managers\StateManager.cpp">
      <Filter>Source Files</Filter>
    </ClCompile>
    <ClCompile Include="src\BreakoutGame\Classes\Managers\BrickManager.cpp">
      <Filter>Source Files</Filter>
    </ClCompile>
    <ClCompile Include="src\BreakoutGame\Classes\Managers\IEntityProvider.cpp">
      <Filter>Source Files</Filter>
    </ClCompile>
    <ClCompile Include="src\BreakoutGame\Classes\Objects\Brick.cpp">
      <Filter>Source Files</Filter>
    </ClCompile>
    <ClCompile Include="src\BreakoutGame\Classes\Data\LevelBrickGridData.cpp">
      <Filter>Source Files</Filter>
    </ClCompile>
    <ClCompile Include="src\BreakoutGame\Classes\Objects\UIButton.cpp">
      <Filter>Source Files</Filter>
    </ClCompile>
    <ClCompile Include="src\BreakoutGame\Classes\StateControllers\MainMenuState.cpp">
      <Filter>Source Files</Filter>
    </ClCompile>
    <ClCompile Include="src\BreakoutGame\Classes\StateControllers\InGameState.cpp">
      <Filter>Source Files</Filter>
    </ClCompile>
    <ClCompile Include="src\BreakoutGame\Classes\Managers\PlayerDataManager.cpp">
      <Filter>Source Files</Filter>
    </ClCompile>
    <ClCompile Include="src\BreakoutGame\Classes\Managers\PerkManager.cpp">
      <Filter>Source Files</Filter>
    </ClCompile>
    <ClCompile Include="src\BreakoutGame\Classes\Objects\Perk.cpp">
      <Filter>Source Files</Filter>
    </ClCompile>
    <ClCompile Include="src\BreakoutGame\Classes\Data\PerkData.cpp">
      <Filter>Source Files</Filter>
    </ClCompile>
  </ItemGroup>
  <ItemGroup>
    <None Include="assimp-vc143-mt.dll" />
    <None Include="glew32.dll" />
    <None Include="src\BreakoutGame\Shaders\shader.frag" />
    <None Include="src\BreakoutGame\Shaders\shader.vert" />
    <None Include="src\BreakoutGame\Shaders\colliderDebugShader.frag" />
    <None Include="src\BreakoutGame\Shaders\colliderDebugShader.vert" />
    <None Include="src\BreakoutGame\Shaders\ui_screen_space_shader.frag" />
    <None Include="src\BreakoutGame\Shaders\ui_screen_space_shader.vert" />
    <None Include="src\BreakoutGame\Shaders\text_shader.frag" />
    <None Include="src\BreakoutGame\Shaders\text_shader.vert" />
  </ItemGroup>
</Project>