<?xml version="1.0" encoding="utf-8"?>
<Project ToolsVersion="4.0" xmlns="http://schemas.microsoft.com/developer/msbuild/2003">
  <ItemGroup>
    <Filter Include="Source Files">
      <UniqueIdentifier>{4FC737F1-C7A5-4376-A066-2A32D752A2FF}</UniqueIdentifier>
      <Extensions>cpp;c;cc;cxx;c++;cppm;ixx;def;odl;idl;hpj;bat;asm;asmx</Extensions>
    </Filter>
    <Filter Include="Header Files">
      <UniqueIdentifier>{93995380-89BD-4b04-88EB-625FBE52EBFB}</UniqueIdentifier>
      <Extensions>h;hh;hpp;hxx;h++;hm;inl;inc;ipp;xsd</Extensions>
    </Filter>
    <Filter Include="Resource Files">
      <UniqueIdentifier>{67DA6AB6-F800-4c08-8B7A-83BB121AAD01}</UniqueIdentifier>
      <Extensions>rc;ico;cur;bmp;dlg;rc2;rct;bin;rgs;gif;jpg;jpeg;jpe;resx;tiff;tif;png;wav;mfcribbon-ms</Extensions>
    </Filter>
    <Filter Include="Shaders">
      <UniqueIdentifier>{f95ef356-08fe-4e94-b83e-d44e89e87f72}</UniqueIdentifier>
    </Filter>
  </ItemGroup>
  <ItemGroup>
    <ClCompile Include="src\GameEngine\Core\Camera.cpp">
      <Filter>Source Files</Filter>
    </ClCompile>
    <ClCompile Include="src\GameEngine\Legacy\Mesh.cpp">
      <Filter>Source Files</Filter>
    </ClCompile>
    <ClCompile Include="src\GameEngine\Core\Shader.cpp">
      <Filter>Source Files</Filter>
    </ClCompile>
    <ClCompile Include="src\GameEngine\Core\Window.cpp">
      <Filter>Source Files</Filter>
    </ClCompile>
    <ClCompile Include="src\GameEngine\Core\Texture.cpp">
      <Filter>Source Files</Filter>
    </ClCompile>
    <ClCompile Include="src\GameEngine\Core\Light.cpp">
      <Filter>Source Files</Filter>
    </ClCompile>
    <ClCompile Include="src\GameEngine\Core\Material.cpp">
      <Filter>Source Files</Filter>
    </ClCompile>
    <ClCompile Include="src\GameEngine\Core\DirectionalLight.cpp">
      <Filter>Source Files</Filter>
    </ClCompile>
    <ClCompile Include="src\GameEngine\Core\PointLight.cpp">
      <Filter>Source Files</Filter>
    </ClCompile>
    <ClCompile Include="src\GameEngine\Core\SpotLight.cpp">
      <Filter>Source Files</Filter>
    </ClCompile>
    <ClCompile Include="src\GameEngine\Legacy\Model.cpp">
      <Filter>Source Files</Filter>
    </ClCompile>
    <ClCompile Include="src\GameEngine\Core\ShadowMap.cpp">
      <Filter>Source Files</Filter>
    </ClCompile>
    <ClCompile Include="src\GameEngine\Core\OmniShadowMap.cpp">
      <Filter>Source Files</Filter>
    </ClCompile>
    <ClCompile Include="src\GameEngine\Core\Skybox.cpp">
      <Filter>Source Files</Filter>
    </ClCompile>
    <ClCompile Include="src\GameEngine\Core\Engine.cpp">
      <Filter>Source Files</Filter>
    </ClCompile>
    <ClCompile Include="src\GameEngine\Core\Scene.cpp">
      <Filter>Source Files</Filter>
    </ClCompile>
    <ClCompile Include="src\GameEngine\Legacy\Renderable3DObject.cpp">
      <Filter>Source Files</Filter>
    </ClCompile>
    <ClCompile Include="src\GameEngine\Legacy\MeshRenderer.cpp">
      <Filter>Source Files</Filter>
    </ClCompile>
    <ClCompile Include="src\GameEngine\Legacy\RenderableData.cpp">
      <Filter>Source Files</Filter>
    </ClCompile>
    <ClCompile Include="src\GameEngine\Core\Log.cpp">
      <Filter>Source Files</Filter>
    </ClCompile>
    <ClCompile Include="src\GameEngine\Core\EntryPoint.cpp">
      <Filter>Source Files</Filter>
    </ClCompile>
    <ClCompile Include="src\GameEngine\Core\Application.cpp">
      <Filter>Source Files</Filter>
    </ClCompile>
    <ClCompile Include="src\GameEngine\Core\Input.cpp">
      <Filter>Source Files</Filter>
    </ClCompile>
    <ClCompile Include="src\GameEngine\Core\SimpleEvent.cpp">
      <Filter>Source Files</Filter>
    </ClCompile>
    <ClCompile Include="src\GameEngine\Legacy\Renderer.cpp">
      <Filter>Source Files</Filter>
    </ClCompile>
    <ClCompile Include="src\GameEngine\Core\Sprite.cpp">
      <Filter>Source Files</Filter>
    </ClCompile>
    <ClCompile Include="src\GameEngine\Legacy\IShadowMapRenderable.cpp">
      <Filter>Source Files</Filter>
    </ClCompile>
    <ClCompile Include="src\GameEngine\Core\Entity.cpp">
      <Filter>Source Files</Filter>
    </ClCompile>
    <ClCompile Include="src\GameEngine\Core\Component.cpp">
      <Filter>Source Files</Filter>
    </ClCompile>
    <ClCompile Include="src\GameEngine\Core\Components\Transform.cpp">
      <Filter>Source Files</Filter>
    </ClCompile>
    <ClCompile Include="src\GameEngine\Core\GameEntity.cpp">
      <Filter>Source Files</Filter>
    </ClCompile>
    <ClCompile Include="src\GameEngine\Core\RenderableEntity.cpp">
      <Filter>Source Files</Filter>
    </ClCompile>
    <ClCompile Include="src\GameEngine\Core\MeshEntity.cpp">
      <Filter>Source Files</Filter>
    </ClCompile>
    <ClCompile Include="src\GameEngine\Core\Components\RendererComponent.cpp">
      <Filter>Source Files</Filter>
    </ClCompile>
    <ClCompile Include="src\GameEngine\Core\Components\MeshRendererComponent.cpp">
      <Filter>Source Files</Filter>
    </ClCompile>
    <ClCompile Include="src\GameEngine\Core\MeshData.cpp">
      <Filter>Source Files</Filter>
    </ClCompile>
    <ClCompile Include="src\GameEngine\Core\MeshRenderData.cpp">
      <Filter>Source Files</Filter>
    </ClCompile>
    <ClCompile Include="src\GameEngine\Core\ModelEntity.cpp">
      <Filter>Source Files</Filter>
    </ClCompile>
    <ClCompile Include="src\GameEngine\Core\Components\ModelRendererComponent.cpp">
      <Filter>Source Files</Filter>
    </ClCompile>
    <ClCompile Include="src\GameEngine\Core\ModelRenderData.cpp">
      <Filter>Source Files</Filter>
    </ClCompile>
    <ClCompile Include="src\GameEngine\Core\ModelData.cpp">
      <Filter>Source Files</Filter>
    </ClCompile>
  </ItemGroup>
  <ItemGroup>
    <ClInclude Include="src\GameEngine\Core\Camera.h">
      <Filter>Header Files</Filter>
    </ClInclude>
    <ClInclude Include="src\GameEngine\Legacy\Mesh.h">
      <Filter>Header Files</Filter>
    </ClInclude>
    <ClInclude Include="src\GameEngine\Core\Shader.h">
      <Filter>Header Files</Filter>
    </ClInclude>
    <ClInclude Include="src\GameEngine\Core\Window.h">
      <Filter>Header Files</Filter>
    </ClInclude>
    <ClInclude Include="src\GameEngine\Core\Texture.h">
      <Filter>Header Files</Filter>
    </ClInclude>
    <ClInclude Include="src\GameEngine\Core\Light.h">
      <Filter>Header Files</Filter>
    </ClInclude>
    <ClInclude Include="src\GameEngine\Core\Material.h">
      <Filter>Header Files</Filter>
    </ClInclude>
    <ClInclude Include="src\GameEngine\Core\DirectionalLight.h">
      <Filter>Header Files</Filter>
    </ClInclude>
    <ClInclude Include="src\GameEngine\Core\PointLight.h">
      <Filter>Header Files</Filter>
    </ClInclude>
    <ClInclude Include="src\GameEngine\Core\ConstantValues.h">
      <Filter>Header Files</Filter>
    </ClInclude>
    <ClInclude Include="src\GameEngine\Core\SpotLight.h">
      <Filter>Header Files</Filter>
    </ClInclude>
    <ClInclude Include="src\GameEngine\Legacy\Model.h">
      <Filter>Header Files</Filter>
    </ClInclude>
    <ClInclude Include="src\GameEngine\Core\ShadowMap.h">
      <Filter>Header Files</Filter>
    </ClInclude>
    <ClInclude Include="src\GameEngine\Core\OmniShadowMap.h">
      <Filter>Header Files</Filter>
    </ClInclude>
    <ClInclude Include="src\GameEngine\Core\Skybox.h">
      <Filter>Header Files</Filter>
    </ClInclude>
    <ClInclude Include="src\GameEngine\Core\Engine.h">
      <Filter>Header Files</Filter>
    </ClInclude>
    <ClInclude Include="src\GameEngine\Core\Scene.h">
      <Filter>Header Files</Filter>
    </ClInclude>
    <ClInclude Include="src\GameEngine\Legacy\Renderable3DObject.h">
      <Filter>Header Files</Filter>
    </ClInclude>
    <ClInclude Include="src\GameEngine\Legacy\MeshRenderer.h">
      <Filter>Header Files</Filter>
    </ClInclude>
    <ClInclude Include="src\GameEngine\Legacy\RenderableData.h">
      <Filter>Header Files</Filter>
    </ClInclude>
    <ClInclude Include="src\GameEngine\Legacy\IRenderable.h">
      <Filter>Header Files</Filter>
    </ClInclude>
    <ClInclude Include="src\GameEngine.h">
      <Filter>Header Files</Filter>
    </ClInclude>
    <ClInclude Include="src\GameEngine\Core\Core.h">
      <Filter>Header Files</Filter>
    </ClInclude>
    <ClInclude Include="src\GameEngine\Core\Log.h">
      <Filter>Header Files</Filter>
    </ClInclude>
    <ClInclude Include="src\EntryPoint.h">
      <Filter>Header Files</Filter>
    </ClInclude>
    <ClInclude Include="src\GameEngine\Core\Application.h">
      <Filter>Header Files</Filter>
    </ClInclude>
    <ClInclude Include="src\GameEngine\Core\Input.h">
      <Filter>Header Files</Filter>
    </ClInclude>
    <ClInclude Include="src\GameEngine\Core\SimpleEvent.h">
      <Filter>Header Files</Filter>
    </ClInclude>
    <ClInclude Include="src\GameEngine\Core\CameraTypeEnum.h">
      <Filter>Header Files</Filter>
    </ClInclude>
    <ClInclude Include="src\GameEngine\Legacy\Renderer.h">
      <Filter>Header Files</Filter>
    </ClInclude>
    <ClInclude Include="src\GameEngine\Core\Sprite.h">
      <Filter>Header Files</Filter>
    </ClInclude>
    <ClInclude Include="src\GameEngine\Legacy\IShadowMapRenderable.h">
      <Filter>Header Files</Filter>
    </ClInclude>
    <ClInclude Include="src\GameEngine\Core\Entity.h">
      <Filter>Header Files</Filter>
    </ClInclude>
    <ClInclude Include="src\GameEngine\Core\Component.h">
      <Filter>Header Files</Filter>
    </ClInclude>
    <ClInclude Include="src\GameEngine\Core\Components\Transform.h">
      <Filter>Header Files</Filter>
    </ClInclude>
    <ClInclude Include="src\GameEngine\Core\GameEntity.h">
      <Filter>Header Files</Filter>
    </ClInclude>
    <ClInclude Include="src\GameEngine\Core\RenderableEntity.h">
      <Filter>Header Files</Filter>
    </ClInclude>
    <ClInclude Include="src\GameEngine\Core\MeshEntity.h">
      <Filter>Header Files</Filter>
    </ClInclude>
    <ClInclude Include="src\GameEngine\Core\Components\RendererComponent.h">
      <Filter>Header Files</Filter>
    </ClInclude>
    <ClInclude Include="src\GameEngine\Core\Components\MeshRendererComponent.h">
      <Filter>Header Files</Filter>
    </ClInclude>
    <ClInclude Include="src\GameEngine\Core\MeshData.h">
      <Filter>Header Files</Filter>
    </ClInclude>
    <ClInclude Include="src\GameEngine\Core\MeshRenderData.h">
      <Filter>Header Files</Filter>
    </ClInclude>
    <ClInclude Include="src\GameEngine\Core\ModelEntity.h">
      <Filter>Header Files</Filter>
    </ClInclude>
    <ClInclude Include="src\GameEngine\Core\Components\ModelRendererComponent.h">
      <Filter>Header Files</Filter>
    </ClInclude>
    <ClInclude Include="src\GameEngine\Core\ModelRenderData.h">
      <Filter>Header Files</Filter>
    </ClInclude>
    <ClInclude Include="src\GameEngine\Core\ModelData.h">
      <Filter>Header Files</Filter>
    </ClInclude>
  </ItemGroup>
  <ItemGroup>
    <None Include="src\GameEngine\Shaders\shader.vert">
      <Filter>Shaders</Filter>
    </None>
    <None Include="src\GameEngine\Shaders\shader.frag">
      <Filter>Shaders</Filter>
    </None>
    <None Include="src\GameEngine\Shaders\directional_shadow_map.vert">
      <Filter>Shaders</Filter>
    </None>
    <None Include="src\GameEngine\Shaders\directional_shadow_map.frag">
      <Filter>Shaders</Filter>
    </None>
    <None Include="src\GameEngine\Shaders\omni_shadow_map.frag">
      <Filter>Shaders</Filter>
    </None>
    <None Include="src\GameEngine\Shaders\omni_shadow_map.geom">
      <Filter>Shaders</Filter>
    </None>
    <None Include="src\GameEngine\Shaders\omni_shadow_map.vert">
      <Filter>Shaders</Filter>
    </None>
    <None Include="glew32.dll" />
    <None Include="assimp-vc143-mt.dll" />
    <None Include="src\GameEngine\Shaders\skybox.frag" />
    <None Include="src\GameEngine\Shaders\skybox.vert" />
    <None Include="doc\Notes.md" />
  </ItemGroup>
</Project>