<?xml version="1.0" encoding="utf-8"?>
<Project ToolsVersion="4.0" xmlns="http://schemas.microsoft.com/developer/msbuild/2003">
  <ItemGroup>
    <Filter Include="Source Files">
      <UniqueIdentifier>{4FC737F1-C7A5-4376-A066-2A32D752A2FF}</UniqueIdentifier>
      <Extensions>cpp;c;cc;cxx;c++;cppm;ixx;def;odl;idl;hpj;bat;asm;asmx</Extensions>
    </Filter>
    <Filter Include="Header Files">
      <UniqueIdentifier>{93995380-89BD-4b04-88EB-625FBE52EBFB}</UniqueIdentifier>
      <Extensions>h;hh;hpp;hxx;h++;hm;inl;inc;ipp;xsd</Extensions>
    </Filter>
    <Filter Include="Resource Files">
      <UniqueIdentifier>{67DA6AB6-F800-4c08-8B7A-83BB121AAD01}</UniqueIdentifier>
      <Extensions>rc;ico;cur;bmp;dlg;rc2;rct;bin;rgs;gif;jpg;jpeg;jpe;resx;tiff;tif;png;wav;mfcribbon-ms</Extensions>
    </Filter>
    <Filter Include="Shaders">
      <UniqueIdentifier>{f95ef356-08fe-4e94-b83e-d44e89e87f72}</UniqueIdentifier>
    </Filter>
  </ItemGroup>
  <ItemGroup>
    <ClCompile Include="src\GameEngine\Scene\Camera.cpp">
      <Filter>Source Files</Filter>
    </ClCompile>
    <ClCompile Include="src\GameEngine\Resource\Shader.cpp">
      <Filter>Source Files</Filter>
    </ClCompile>
    <ClCompile Include="src\GameEngine\Engine\Window.cpp">
      <Filter>Source Files</Filter>
    </ClCompile>
    <ClCompile Include="src\GameEngine\Resource\Texture.cpp">
      <Filter>Source Files</Filter>
    </ClCompile>
    <ClCompile Include="src\GameEngine\Scene\Light.cpp">
      <Filter>Source Files</Filter>
    </ClCompile>
    <ClCompile Include="src\GameEngine\Resource\Material.cpp">
      <Filter>Source Files</Filter>
    </ClCompile>
    <ClCompile Include="src\GameEngine\Scene\DirectionalLight.cpp">
      <Filter>Source Files</Filter>
    </ClCompile>
    <ClCompile Include="src\GameEngine\Scene\PointLight.cpp">
      <Filter>Source Files</Filter>
    </ClCompile>
    <ClCompile Include="src\GameEngine\Scene\SpotLight.cpp">
      <Filter>Source Files</Filter>
    </ClCompile>
    <ClCompile Include="src\GameEngine\Scene\ShadowMap.cpp">
      <Filter>Source Files</Filter>
    </ClCompile>
    <ClCompile Include="src\GameEngine\Scene\OmniShadowMap.cpp">
      <Filter>Source Files</Filter>
    </ClCompile>
    <ClCompile Include="src\GameEngine\Scene\Skybox.cpp">
      <Filter>Source Files</Filter>
    </ClCompile>
    <ClCompile Include="src\GameEngine\Engine\Engine.cpp">
      <Filter>Source Files</Filter>
    </ClCompile>
    <ClCompile Include="src\GameEngine\Scene\Scene.cpp">
      <Filter>Source Files</Filter>
    </ClCompile>
    <ClCompile Include="src\GameEngine\Debugging\Log.cpp">
      <Filter>Source Files</Filter>
    </ClCompile>
    <ClCompile Include="src\GameEngine\Engine\Application.cpp">
      <Filter>Source Files</Filter>
    </ClCompile>
    <ClCompile Include="src\GameEngine\Engine\Input.cpp">
      <Filter>Source Files</Filter>
    </ClCompile>
    <ClCompile Include="src\GameEngine\Event\SimpleEvent.cpp">
      <Filter>Source Files</Filter>
    </ClCompile>
    <ClCompile Include="src\GameEngine\Resource\Sprite.cpp">
      <Filter>Source Files</Filter>
    </ClCompile>
    <ClCompile Include="src\GameEngine\Entities\GameEntity.cpp">
      <Filter>Source Files</Filter>
    </ClCompile>
    <ClCompile Include="src\GameEngine\Components\Component.cpp">
      <Filter>Source Files</Filter>
    </ClCompile>
    <ClCompile Include="src\GameEngine\Components\Transform.cpp">
      <Filter>Source Files</Filter>
    </ClCompile>
    <ClCompile Include="src\GameEngine\Entities\RenderableEntity.cpp">
      <Filter>Source Files</Filter>
    </ClCompile>
    <ClCompile Include="src\GameEngine\Entities\MeshEntity.cpp">
      <Filter>Source Files</Filter>
    </ClCompile>
    <ClCompile Include="src\GameEngine\Components\RendererComponent.cpp">
      <Filter>Source Files</Filter>
    </ClCompile>
    <ClCompile Include="src\GameEngine\Components\MeshRendererComponent.cpp">
      <Filter>Source Files</Filter>
    </ClCompile>
    <ClCompile Include="src\GameEngine\Resource\MeshData.cpp">
      <Filter>Source Files</Filter>
    </ClCompile>
    <ClCompile Include="src\GameEngine\Render\MeshRenderData.cpp">
      <Filter>Source Files</Filter>
    </ClCompile>
    <ClCompile Include="src\GameEngine\Entities\ModelEntity.cpp">
      <Filter>Source Files</Filter>
    </ClCompile>
    <ClCompile Include="src\GameEngine\Components\ModelRendererComponent.cpp">
      <Filter>Source Files</Filter>
    </ClCompile>
    <ClCompile Include="src\GameEngine\Render\ModelRenderData.cpp">
      <Filter>Source Files</Filter>
    </ClCompile>
    <ClCompile Include="src\GameEngine\Resource\ModelData.cpp">
      <Filter>Source Files</Filter>
    </ClCompile>
    <ClCompile Include="src\GameEngine\Render\Renderer.cpp">
      <Filter>Source Files</Filter>
    </ClCompile>
    <ClCompile Include="src\GameEngine\Render\RenderData.cpp">
      <Filter>Source Files</Filter>
    </ClCompile>
    <ClCompile Include="src\GameEngine\Components\SpriteRendererComponent.cpp">
      <Filter>Source Files</Filter>
    </ClCompile>
    <ClCompile Include="src\GameEngine\Render\SpriteRenderData.cpp">
      <Filter>Source Files</Filter>
    </ClCompile>
    <ClCompile Include="src\GameEngine\Entities\SpriteEntity.cpp">
      <Filter>Source Files</Filter>
    </ClCompile>
    <ClCompile Include="src\GameEngine\Components\ColliderComponent.cpp">
      <Filter>Source Files</Filter>
    </ClCompile>
    <ClCompile Include="src\GameEngine\Collision\CollisionManager.cpp">
      <Filter>Source Files</Filter>
    </ClCompile>
    <ClCompile Include="src\GameEngine\Components\BoxCollider2DComponent.cpp">
      <Filter>Source Files</Filter>
    </ClCompile>
    <ClCompile Include="src\GameEngine\Math\Vector2.cpp">
      <Filter>Source Files</Filter>
    </ClCompile>
    <ClCompile Include="src\GameEngine\Math\Vector3.cpp">
      <Filter>Source Files</Filter>
    </ClCompile>
    <ClCompile Include="src\GameEngine\Collision\CollisionDetector.cpp">
      <Filter>Source Files</Filter>
    </ClCompile>
    <ClCompile Include="src\GameEngine\Render\DebugRenderData.cpp">
      <Filter>Source Files</Filter>
    </ClCompile>
    <ClCompile Include="src\GameEngine\Components\UITextRendererComponent.cpp">
      <Filter>Source Files</Filter>
    </ClCompile>
    <ClCompile Include="src\GameEngine\Resource\TextData.cpp">
      <Filter>Source Files</Filter>
    </ClCompile>
    <ClCompile Include="src\GameEngine\Render\TextRenderer.cpp">
      <Filter>Source Files</Filter>
    </ClCompile>
    <ClCompile Include="src\GameEngine\Components\UIRendererComponent.cpp">
      <Filter>Source Files</Filter>
    </ClCompile>
    <ClCompile Include="src\GameEngine\Render\UIRenderData.cpp">
      <Filter>Source Files</Filter>
    </ClCompile>
    <ClCompile Include="src\GameEngine\Resource\MeshDataCreator.cpp">
      <Filter>Source Files</Filter>
    </ClCompile>
  </ItemGroup>
  <ItemGroup>
    <ClInclude Include="src\GameEngine\Scene\Camera.h">
      <Filter>Header Files</Filter>
    </ClInclude>
    <ClInclude Include="src\GameEngine\Resource\Shader.h">
      <Filter>Header Files</Filter>
    </ClInclude>
    <ClInclude Include="src\GameEngine\Engine\Window.h">
      <Filter>Header Files</Filter>
    </ClInclude>
    <ClInclude Include="src\GameEngine\Resource\Texture.h">
      <Filter>Header Files</Filter>
    </ClInclude>
    <ClInclude Include="src\GameEngine\Scene\Light.h">
      <Filter>Header Files</Filter>
    </ClInclude>
    <ClInclude Include="src\GameEngine\Resource\Material.h">
      <Filter>Header Files</Filter>
    </ClInclude>
    <ClInclude Include="src\GameEngine\Scene\DirectionalLight.h">
      <Filter>Header Files</Filter>
    </ClInclude>
    <ClInclude Include="src\GameEngine\Scene\PointLight.h">
      <Filter>Header Files</Filter>
    </ClInclude>
    <ClInclude Include="src\GameEngine\ConstantValues.h">
      <Filter>Header Files</Filter>
    </ClInclude>
    <ClInclude Include="src\GameEngine\Scene\SpotLight.h">
      <Filter>Header Files</Filter>
    </ClInclude>
    <ClInclude Include="src\GameEngine\Scene\ShadowMap.h">
      <Filter>Header Files</Filter>
    </ClInclude>
    <ClInclude Include="src\GameEngine\Scene\OmniShadowMap.h">
      <Filter>Header Files</Filter>
    </ClInclude>
    <ClInclude Include="src\GameEngine\Scene\Skybox.h">
      <Filter>Header Files</Filter>
    </ClInclude>
    <ClInclude Include="src\GameEngine\Engine\Engine.h">
      <Filter>Header Files</Filter>
    </ClInclude>
    <ClInclude Include="src\GameEngine\Scene\Scene.h">
      <Filter>Header Files</Filter>
    </ClInclude>
    <ClInclude Include="src\GameEngine.h">
      <Filter>Header Files</Filter>
    </ClInclude>
    <ClInclude Include="src\GameEngine\Core.h">
      <Filter>Header Files</Filter>
    </ClInclude>
    <ClInclude Include="src\GameEngine\Debugging\Log.h">
      <Filter>Header Files</Filter>
    </ClInclude>
    <ClInclude Include="src\EntryPoint.h">
      <Filter>Header Files</Filter>
    </ClInclude>
    <ClInclude Include="src\GameEngine\Engine\Application.h">
      <Filter>Header Files</Filter>
    </ClInclude>
    <ClInclude Include="src\GameEngine\Engine\Input.h">
      <Filter>Header Files</Filter>
    </ClInclude>
    <ClInclude Include="src\GameEngine\Event\SimpleEvent.h">
      <Filter>Header Files</Filter>
    </ClInclude>
    <ClInclude Include="src\GameEngine\Scene\CameraTypeEnum.h">
      <Filter>Header Files</Filter>
    </ClInclude>
    <ClInclude Include="src\GameEngine\Resource\Sprite.h">
      <Filter>Header Files</Filter>
    </ClInclude>
    <ClInclude Include="src\GameEngine\Entities\GameEntity.h">
      <Filter>Header Files</Filter>
    </ClInclude>
    <ClInclude Include="src\GameEngine\Components\Component.h">
      <Filter>Header Files</Filter>
    </ClInclude>
    <ClInclude Include="src\GameEngine\Components\Transform.h">
      <Filter>Header Files</Filter>
    </ClInclude>
    <ClInclude Include="src\GameEngine\Entities\RenderableEntity.h">
      <Filter>Header Files</Filter>
    </ClInclude>
    <ClInclude Include="src\GameEngine\Entities\MeshEntity.h">
      <Filter>Header Files</Filter>
    </ClInclude>
    <ClInclude Include="src\GameEngine\Components\RendererComponent.h">
      <Filter>Header Files</Filter>
    </ClInclude>
    <ClInclude Include="src\GameEngine\Components\MeshRendererComponent.h">
      <Filter>Header Files</Filter>
    </ClInclude>
    <ClInclude Include="src\GameEngine\Resource\MeshData.h">
      <Filter>Header Files</Filter>
    </ClInclude>
    <ClInclude Include="src\GameEngine\Render\MeshRenderData.h">
      <Filter>Header Files</Filter>
    </ClInclude>
    <ClInclude Include="src\GameEngine\Entities\ModelEntity.h">
      <Filter>Header Files</Filter>
    </ClInclude>
    <ClInclude Include="src\GameEngine\Components\ModelRendererComponent.h">
      <Filter>Header Files</Filter>
    </ClInclude>
    <ClInclude Include="src\GameEngine\Render\ModelRenderData.h">
      <Filter>Header Files</Filter>
    </ClInclude>
    <ClInclude Include="src\GameEngine\Resource\ModelData.h">
      <Filter>Header Files</Filter>
    </ClInclude>
    <ClInclude Include="src\GameEngine\Event\Event.h">
      <Filter>Header Files</Filter>
    </ClInclude>
    <ClInclude Include="src\GameEngine\Event\EventManager.h">
      <Filter>Header Files</Filter>
    </ClInclude>
    <ClInclude Include="src\GameEngine\Render\Renderer.h">
      <Filter>Header Files</Filter>
    </ClInclude>
    <ClInclude Include="src\GameEngine\Event\ComponentEvent.h">
      <Filter>Header Files</Filter>
    </ClInclude>
    <ClInclude Include="src\GameEngine\Render\RenderData.h">
      <Filter>Header Files</Filter>
    </ClInclude>
    <ClInclude Include="src\GameEngine\Components\SpriteRendererComponent.h">
      <Filter>Header Files</Filter>
    </ClInclude>
    <ClInclude Include="src\GameEngine\Render\SpriteRenderData.h">
      <Filter>Header Files</Filter>
    </ClInclude>
    <ClInclude Include="src\GameEngine\Event\SceneCameraChangedEvent.h">
      <Filter>Header Files</Filter>
    </ClInclude>
    <ClInclude Include="src\GameEngine\Entities\SpriteEntity.h">
      <Filter>Header Files</Filter>
    </ClInclude>
    <ClInclude Include="src\GameEngine\Components\ColliderComponent.h">
      <Filter>Header Files</Filter>
    </ClInclude>
    <ClInclude Include="src\GameEngine\Collision\CollisionManager.h">
      <Filter>Header Files</Filter>
    </ClInclude>
    <ClInclude Include="src\GameEngine\Components\BoxCollider2DComponent.h">
      <Filter>Header Files</Filter>
    </ClInclude>
    <ClInclude Include="src\GameEngine\Math\Vector2.h">
      <Filter>Header Files</Filter>
    </ClInclude>
    <ClInclude Include="src\GameEngine\Math\Vector3.h">
      <Filter>Header Files</Filter>
    </ClInclude>
    <ClInclude Include="src\GameEngine\Collision\CollisionDetector.h">
      <Filter>Header Files</Filter>
    </ClInclude>
    <ClInclude Include="src\GameEngine\Collision\CollisionEnum.h">
      <Filter>Header Files</Filter>
    </ClInclude>
    <ClInclude Include="src\GameEngine\Render\DebugRenderData.h">
      <Filter>Header Files</Filter>
    </ClInclude>
    <ClInclude Include="src\GameEngine\StartModeSettings.h">
      <Filter>Header Files</Filter>
    </ClInclude>
    <ClInclude Include="src\GameEngine\Collision\CollisionData.h">
      <Filter>Header Files</Filter>
    </ClInclude>
    <ClInclude Include="src\GameEngine\Components\UITextRendererComponent.h">
      <Filter>Header Files</Filter>
    </ClInclude>
    <ClInclude Include="src\GameEngine\Resource\TextData.h">
      <Filter>Header Files</Filter>
    </ClInclude>
    <ClInclude Include="src\GameEngine\Render\TextRenderer.h">
      <Filter>Header Files</Filter>
    </ClInclude>
    <ClInclude Include="src\GameEngine\Components\UIRendererComponent.h">
      <Filter>Header Files</Filter>
    </ClInclude>
    <ClInclude Include="src\GameEngine\Render\UIRenderData.h">
      <Filter>Header Files</Filter>
    </ClInclude>
    <ClInclude Include="src\GameEngine\Resource\MeshDataCreator.h">
      <Filter>Header Files</Filter>
    </ClInclude>
    <ClInclude Include="src\GameEngine\Engine\EngineConfig.h">
      <Filter>Header Files</Filter>
    </ClInclude>
    <ClInclude Include="src\GameEngine\Math\TweenEase.hpp">
      <Filter>Header Files</Filter>
    </ClInclude>
    <ClInclude Include="src\GameEngine\Math\VectorUtility.hpp">
      <Filter>Header Files</Filter>
    </ClInclude>
  </ItemGroup>
  <ItemGroup>
    <None Include="src\Resources\Shaders\shader.vert">
      <Filter>Shaders</Filter>
    </None>
    <None Include="src\Resources\Shaders\shader.frag">
      <Filter>Shaders</Filter>
    </None>
    <None Include="src\Resources\Shaders\directional_shadow_map.vert">
      <Filter>Shaders</Filter>
    </None>
    <None Include="src\Resources\Shaders\directional_shadow_map.frag">
      <Filter>Shaders</Filter>
    </None>
    <None Include="src\Resources\Shaders\omni_shadow_map.frag">
      <Filter>Shaders</Filter>
    </None>
    <None Include="src\Resources\Shaders\omni_shadow_map.geom">
      <Filter>Shaders</Filter>
    </None>
    <None Include="src\Resources\Shaders\omni_shadow_map.vert">
      <Filter>Shaders</Filter>
    </None>
    <None Include="glew32.dll" />
    <None Include="assimp-vc143-mt.dll" />
    <None Include="src\Resources\Shaders\skybox.frag" />
    <None Include="src\Resources\Shaders\skybox.vert" />
    <None Include="doc\Notes.md" />
    <None Include="doc\GameEngineRender.drawio" />
    <None Include="src\Resources\Shaders\text_shader.vert" />
    <None Include="src\Resources\Shaders\text_shader.frag" />
  </ItemGroup>
</Project>